
Microsoft Visual Studio Solution File, Format Version 12.00
# Visual Studio Version 17
VisualStudioVersion = 17.14.36717.8 d17.14
MinimumVisualStudioVersion = 10.0.40219.1
Project("{FAE04EC0-301F-11D3-BF4B-00C04F79EFBC}") = "Talentree.API", "Talentree.API\Talentree.API.csproj", "{CBDD6184-6A9F-4279-9046-E836432445DC}"
EndProject
Project("{FAE04EC0-301F-11D3-BF4B-00C04F79EFBC}") = "Talentree.Core", "Talentree.Core\Talentree.Core.csproj", "{8605C4C0-1CCE-4521-87FE-9BB152336804}"
EndProject
Project("{FAE04EC0-301F-11D3-BF4B-00C04F79EFBC}") = "Talentree.Repository", "Talentree.Repository\Talentree.Repository.csproj", "{252C50F2-76D3-4DDB-A299-DD8DB2101B28}"
EndProject
Project("{FAE04EC0-301F-11D3-BF4B-00C04F79EFBC}") = "Talentree.Service", "Talentree.Service\Talentree.Service.csproj", "{3CFF0647-9036-4C9F-BA3D-20D5EDE01C4D}"
EndProject
Global
	GlobalSection(SolutionConfigurationPlatforms) = preSolution
		Debug|Any CPU = Debug|Any CPU
		Release|Any CPU = Release|Any CPU
	EndGlobalSection
	GlobalSection(ProjectConfigurationPlatforms) = postSolution
		{CBDD6184-6A9F-4279-9046-E836432445DC}.Debug|Any CPU.ActiveCfg = Debug|Any CPU
		{CBDD6184-6A9F-4279-9046-E836432445DC}.Debug|Any CPU.Build.0 = Debug|Any CPU
		{CBDD6184-6A9F-4279-9046-E836432445DC}.Release|Any CPU.ActiveCfg = Release|Any CPU
		{CBDD6184-6A9F-4279-9046-E836432445DC}.Release|Any CPU.Build.0 = Release|Any CPU
		{8605C4C0-1CCE-4521-87FE-9BB152336804}.Debug|Any CPU.ActiveCfg = Debug|Any CPU
		{8605C4C0-1CCE-4521-87FE-9BB152336804}.Debug|Any CPU.Build.0 = Debug|Any CPU
		{8605C4C0-1CCE-4521-87FE-9BB152336804}.Release|Any CPU.ActiveCfg = Release|Any CPU
		{8605C4C0-1CCE-4521-87FE-9BB152336804}.Release|Any CPU.Build.0 = Release|Any CPU
		{252C50F2-76D3-4DDB-A299-DD8DB2101B28}.Debug|Any CPU.ActiveCfg = Debug|Any CPU
		{252C50F2-76D3-4DDB-A299-DD8DB2101B28}.Debug|Any CPU.Build.0 = Debug|Any CPU
		{252C50F2-76D3-4DDB-A299-DD8DB2101B28}.Release|Any CPU.ActiveCfg = Release|Any CPU
		{252C50F2-76D3-4DDB-A299-DD8DB2101B28}.Release|Any CPU.Build.0 = Release|Any CPU
		{3CFF0647-9036-4C9F-BA3D-20D5EDE01C4D}.Debug|Any CPU.ActiveCfg = Debug|Any CPU
		{3CFF0647-9036-4C9F-BA3D-20D5EDE01C4D}.Debug|Any CPU.Build.0 = Debug|Any CPU
		{3CFF0647-9036-4C9F-BA3D-20D5EDE01C4D}.Release|Any CPU.ActiveCfg = Release|Any CPU
		{3CFF0647-9036-4C9F-BA3D-20D5EDE01C4D}.Release|Any CPU.Build.0 = Release|Any CPU
	EndGlobalSection
	GlobalSection(SolutionProperties) = preSolution
		HideSolutionNode = FALSE
	EndGlobalSection
	GlobalSection(ExtensibilityGlobals) = postSolution
		SolutionGuid = {D21E5115-9894-4E87-9E5C-FA177ADB62C9}
	EndGlobalSection
EndGlobal
